
Microsoft Visual Studio Solution File, Format Version 12.00
# Visual Studio 15
VisualStudioVersion = 15.0.27004.2010
MinimumVisualStudioVersion = 10.0.40219.1
Project("{FAE04EC0-301F-11D3-BF4B-00C04F79EFBC}") = "CentralDashboard", "CentralDashboard\CentralDashboard.csproj", "{3426A3A2-85D2-4E3A-AF52-EC21EE776A48}"
EndProject
Global
	GlobalSection(SolutionConfigurationPlatforms) = preSolution
		Debug|Any CPU = Debug|Any CPU
		Release|Any CPU = Release|Any CPU
	EndGlobalSection
	GlobalSection(ProjectConfigurationPlatforms) = postSolution
		{3426A3A2-85D2-4E3A-AF52-EC21EE776A48}.Debug|Any CPU.ActiveCfg = Debug|Any CPU
		{3426A3A2-85D2-4E3A-AF52-EC21EE776A48}.Debug|Any CPU.Build.0 = Debug|Any CPU
		{3426A3A2-85D2-4E3A-AF52-EC21EE776A48}.Release|Any CPU.ActiveCfg = Release|Any CPU
		{3426A3A2-85D2-4E3A-AF52-EC21EE776A48}.Release|Any CPU.Build.0 = Release|Any CPU
	EndGlobalSection
	GlobalSection(SolutionProperties) = preSolution
		HideSolutionNode = FALSE
	EndGlobalSection
	GlobalSection(ExtensibilityGlobals) = postSolution
		SolutionGuid = {25B7D8BB-B39A-41B9-A9E5-B52EB750B86A}
	EndGlobalSection
EndGlobal
